// !$*UTF8*$!
{
	archiveVersion = 1;
	classes = {
	};
	objectVersion = 56;
	objects = {

/* Begin PBXBuildFile section */
		E03496F42C5046B100071C0C /* UnhingedEditView.swift in Sources */ = {isa = PBXBuildFile; fileRef = E03496F32C5046B100071C0C /* UnhingedEditView.swift */; };
		E03496F52C5046B100071C0C /* RotatingDotsView.swift in Sources */ = {isa = PBXBuildFile; fileRef = E03496F12C5046B100071C0C /* RotatingDotsView.swift */; };
		E03496F62C5046B100071C0C /* StarAnimationView.swift in Sources */ = {isa = PBXBuildFile; fileRef = E03496F22C5046B100071C0C /* StarAnimationView.swift */; };
		E08357F228FEF2FC00554E60 /* Localizable.strings in Resources */ = {isa = PBXBuildFile; fileRef = E08357F428FEF2FC00554E60 /* Localizable.strings */; };
		E09894C928FE3A0D0002103F /* Settings.bundle in Resources */ = {isa = PBXBuildFile; fileRef = E09894C828FE3A0D0002103F /* Settings.bundle */; };
		E0BC13B028FE0FDF002BAF2D /* ExampleApp.swift in Sources */ = {isa = PBXBuildFile; fileRef = E0BC13AF28FE0FDF002BAF2D /* ExampleApp.swift */; };
		E0BC13B228FE0FDF002BAF2D /* ContentView.swift in Sources */ = {isa = PBXBuildFile; fileRef = E0BC13B128FE0FDF002BAF2D /* ContentView.swift */; };
		E0BC13B428FE0FE2002BAF2D /* Assets.xcassets in Resources */ = {isa = PBXBuildFile; fileRef = E0BC13B328FE0FE2002BAF2D /* Assets.xcassets */; };
		E0BC13B828FE0FE2002BAF2D /* Preview Assets.xcassets in Resources */ = {isa = PBXBuildFile; fileRef = E0BC13B728FE0FE2002BAF2D /* Preview Assets.xcassets */; };
		E0BC13C228FE0FE2002BAF2D /* ExampleAppTests.swift in Sources */ = {isa = PBXBuildFile; fileRef = E0BC13C128FE0FE2002BAF2D /* ExampleAppTests.swift */; };
		E0BC13CC28FE0FE2002BAF2D /* ExampleAppUITests.swift in Sources */ = {isa = PBXBuildFile; fileRef = E0BC13CB28FE0FE2002BAF2D /* ExampleAppUITests.swift */; };
		E0BC13CE28FE0FE2002BAF2D /* ExampleAppUITestsLaunchTests.swift in Sources */ = {isa = PBXBuildFile; fileRef = E0BC13CD28FE0FE2002BAF2D /* ExampleAppUITestsLaunchTests.swift */; };
		E0CA1CF02B5711030083CC65 /* Sqrt2Over2View.swift in Sources */ = {isa = PBXBuildFile; fileRef = E0CA1CEF2B5711030083CC65 /* Sqrt2Over2View.swift */; };
		E0CA1CF22B5713B40083CC65 /* RoundedRectangleView.swift in Sources */ = {isa = PBXBuildFile; fileRef = E0CA1CF12B5713B40083CC65 /* RoundedRectangleView.swift */; };
/* End PBXBuildFile section */

/* Begin PBXContainerItemProxy section */
		E0BC13BE28FE0FE2002BAF2D /* PBXContainerItemProxy */ = {
			isa = PBXContainerItemProxy;
			containerPortal = E0BC13A428FE0FDF002BAF2D /* Project object */;
			proxyType = 1;
			remoteGlobalIDString = E0BC13AB28FE0FDF002BAF2D;
			remoteInfo = ExampleApp;
		};
		E0BC13C828FE0FE2002BAF2D /* PBXContainerItemProxy */ = {
			isa = PBXContainerItemProxy;
			containerPortal = E0BC13A428FE0FDF002BAF2D /* Project object */;
			proxyType = 1;
			remoteGlobalIDString = E0BC13AB28FE0FDF002BAF2D;
			remoteInfo = ExampleApp;
		};
/* End PBXContainerItemProxy section */

/* Begin PBXFileReference section */
		E03496F12C5046B100071C0C /* RotatingDotsView.swift */ = {isa = PBXFileReference; lastKnownFileType = sourcecode.swift; path = RotatingDotsView.swift; sourceTree = "<group>"; };
		E03496F22C5046B100071C0C /* StarAnimationView.swift */ = {isa = PBXFileReference; lastKnownFileType = sourcecode.swift; path = StarAnimationView.swift; sourceTree = "<group>"; };
		E03496F32C5046B100071C0C /* UnhingedEditView.swift */ = {isa = PBXFileReference; lastKnownFileType = sourcecode.swift; path = UnhingedEditView.swift; sourceTree = "<group>"; };
		E08357F328FEF2FC00554E60 /* en */ = {isa = PBXFileReference; lastKnownFileType = text.plist.strings; name = en; path = en.lproj/Localizable.strings; sourceTree = "<group>"; };
		E08357F528FEF34600554E60 /* es */ = {isa = PBXFileReference; lastKnownFileType = text.plist.strings; name = es; path = es.lproj/Localizable.strings; sourceTree = "<group>"; };
		E09894C828FE3A0D0002103F /* Settings.bundle */ = {isa = PBXFileReference; lastKnownFileType = "wrapper.plug-in"; path = Settings.bundle; sourceTree = "<group>"; };
		E09894CA28FE3A520002103F /* README.md */ = {isa = PBXFileReference; fileEncoding = 4; lastKnownFileType = net.daringfireball.markdown; path = README.md; sourceTree = "<group>"; };
		E09894CB28FE3A520002103F /* LICENSE */ = {isa = PBXFileReference; fileEncoding = 4; lastKnownFileType = text; path = LICENSE; sourceTree = "<group>"; };
		E0BC13AC28FE0FDF002BAF2D /* ExampleApp.app */ = {isa = PBXFileReference; explicitFileType = wrapper.application; includeInIndex = 0; path = ExampleApp.app; sourceTree = BUILT_PRODUCTS_DIR; };
		E0BC13AF28FE0FDF002BAF2D /* ExampleApp.swift */ = {isa = PBXFileReference; lastKnownFileType = sourcecode.swift; path = ExampleApp.swift; sourceTree = "<group>"; };
		E0BC13B128FE0FDF002BAF2D /* ContentView.swift */ = {isa = PBXFileReference; lastKnownFileType = sourcecode.swift; path = ContentView.swift; sourceTree = "<group>"; };
		E0BC13B328FE0FE2002BAF2D /* Assets.xcassets */ = {isa = PBXFileReference; lastKnownFileType = folder.assetcatalog; path = Assets.xcassets; sourceTree = "<group>"; };
		E0BC13B528FE0FE2002BAF2D /* ExampleApp.entitlements */ = {isa = PBXFileReference; lastKnownFileType = text.plist.entitlements; path = ExampleApp.entitlements; sourceTree = "<group>"; };
		E0BC13B728FE0FE2002BAF2D /* Preview Assets.xcassets */ = {isa = PBXFileReference; lastKnownFileType = folder.assetcatalog; path = "Preview Assets.xcassets"; sourceTree = "<group>"; };
		E0BC13BD28FE0FE2002BAF2D /* ExampleAppTests.xctest */ = {isa = PBXFileReference; explicitFileType = wrapper.cfbundle; includeInIndex = 0; path = ExampleAppTests.xctest; sourceTree = BUILT_PRODUCTS_DIR; };
		E0BC13C128FE0FE2002BAF2D /* ExampleAppTests.swift */ = {isa = PBXFileReference; lastKnownFileType = sourcecode.swift; path = ExampleAppTests.swift; sourceTree = "<group>"; };
		E0BC13C728FE0FE2002BAF2D /* ExampleAppUITests.xctest */ = {isa = PBXFileReference; explicitFileType = wrapper.cfbundle; includeInIndex = 0; path = ExampleAppUITests.xctest; sourceTree = BUILT_PRODUCTS_DIR; };
		E0BC13CB28FE0FE2002BAF2D /* ExampleAppUITests.swift */ = {isa = PBXFileReference; lastKnownFileType = sourcecode.swift; path = ExampleAppUITests.swift; sourceTree = "<group>"; };
		E0BC13CD28FE0FE2002BAF2D /* ExampleAppUITestsLaunchTests.swift */ = {isa = PBXFileReference; lastKnownFileType = sourcecode.swift; path = ExampleAppUITestsLaunchTests.swift; sourceTree = "<group>"; };
		E0CA1CEF2B5711030083CC65 /* Sqrt2Over2View.swift */ = {isa = PBXFileReference; fileEncoding = 4; lastKnownFileType = sourcecode.swift; path = Sqrt2Over2View.swift; sourceTree = "<group>"; };
		E0CA1CF12B5713B40083CC65 /* RoundedRectangleView.swift */ = {isa = PBXFileReference; lastKnownFileType = sourcecode.swift; path = RoundedRectangleView.swift; sourceTree = "<group>"; };
/* End PBXFileReference section */

/* Begin PBXFrameworksBuildPhase section */
		E0BC13A928FE0FDF002BAF2D /* Frameworks */ = {
			isa = PBXFrameworksBuildPhase;
			buildActionMask = 2147483647;
			files = (
			);
			runOnlyForDeploymentPostprocessing = 0;
		};
		E0BC13BA28FE0FE2002BAF2D /* Frameworks */ = {
			isa = PBXFrameworksBuildPhase;
			buildActionMask = 2147483647;
			files = (
			);
			runOnlyForDeploymentPostprocessing = 0;
		};
		E0BC13C428FE0FE2002BAF2D /* Frameworks */ = {
			isa = PBXFrameworksBuildPhase;
			buildActionMask = 2147483647;
			files = (
			);
			runOnlyForDeploymentPostprocessing = 0;
		};
/* End PBXFrameworksBuildPhase section */

/* Begin PBXGroup section */
		E0BC13A328FE0FDF002BAF2D = {
			isa = PBXGroup;
			children = (
				E09894CB28FE3A520002103F /* LICENSE */,
				E09894CA28FE3A520002103F /* README.md */,
				E0BC13AE28FE0FDF002BAF2D /* ExampleApp */,
				E0BC13C028FE0FE2002BAF2D /* ExampleAppTests */,
				E0BC13CA28FE0FE2002BAF2D /* ExampleAppUITests */,
				E0BC13AD28FE0FDF002BAF2D /* Products */,
			);
			sourceTree = "<group>";
		};
		E0BC13AD28FE0FDF002BAF2D /* Products */ = {
			isa = PBXGroup;
			children = (
				E0BC13AC28FE0FDF002BAF2D /* ExampleApp.app */,
				E0BC13BD28FE0FE2002BAF2D /* ExampleAppTests.xctest */,
				E0BC13C728FE0FE2002BAF2D /* ExampleAppUITests.xctest */,
			);
			name = Products;
			sourceTree = "<group>";
		};
		E0BC13AE28FE0FDF002BAF2D /* ExampleApp */ = {
			isa = PBXGroup;
			children = (
				E0CA1CEE2B5711030083CC65 /* Views */,
				E0BC13AF28FE0FDF002BAF2D /* ExampleApp.swift */,
				E0BC13B128FE0FDF002BAF2D /* ContentView.swift */,
				E0BC13B328FE0FE2002BAF2D /* Assets.xcassets */,
				E0BC13B528FE0FE2002BAF2D /* ExampleApp.entitlements */,
				E08357F428FEF2FC00554E60 /* Localizable.strings */,
				E0BC13B628FE0FE2002BAF2D /* Preview Content */,
				E09894C828FE3A0D0002103F /* Settings.bundle */,
			);
			path = ExampleApp;
			sourceTree = "<group>";
		};
		E0BC13B628FE0FE2002BAF2D /* Preview Content */ = {
			isa = PBXGroup;
			children = (
				E0BC13B728FE0FE2002BAF2D /* Preview Assets.xcassets */,
			);
			path = "Preview Content";
			sourceTree = "<group>";
		};
		E0BC13C028FE0FE2002BAF2D /* ExampleAppTests */ = {
			isa = PBXGroup;
			children = (
				E0BC13C128FE0FE2002BAF2D /* ExampleAppTests.swift */,
			);
			path = ExampleAppTests;
			sourceTree = "<group>";
		};
		E0BC13CA28FE0FE2002BAF2D /* ExampleAppUITests */ = {
			isa = PBXGroup;
			children = (
				E0BC13CB28FE0FE2002BAF2D /* ExampleAppUITests.swift */,
				E0BC13CD28FE0FE2002BAF2D /* ExampleAppUITestsLaunchTests.swift */,
			);
			path = ExampleAppUITests;
			sourceTree = "<group>";
		};
		E0CA1CEE2B5711030083CC65 /* Views */ = {
			isa = PBXGroup;
			children = (
				E03496F12C5046B100071C0C /* RotatingDotsView.swift */,
				E03496F22C5046B100071C0C /* StarAnimationView.swift */,
				E03496F32C5046B100071C0C /* UnhingedEditView.swift */,
				E0CA1CEF2B5711030083CC65 /* Sqrt2Over2View.swift */,
				E0CA1CF12B5713B40083CC65 /* RoundedRectangleView.swift */,
			);
			path = Views;
			sourceTree = "<group>";
		};
/* End PBXGroup section */

/* Begin PBXNativeTarget section */
		E0BC13AB28FE0FDF002BAF2D /* ExampleApp */ = {
			isa = PBXNativeTarget;
			buildConfigurationList = E0BC13D128FE0FE2002BAF2D /* Build configuration list for PBXNativeTarget "ExampleApp" */;
			buildPhases = (
				E036E5D02B2C118C009C4257 /* ShellScript */,
				E0BC13A828FE0FDF002BAF2D /* Sources */,
				E0BC13A928FE0FDF002BAF2D /* Frameworks */,
				E0BC13AA28FE0FDF002BAF2D /* Resources */,
			);
			buildRules = (
			);
			dependencies = (
				E0F09F4A2B2CBD4F00C8BCDF /* PBXTargetDependency */,
				E036E5CF2B2C0BDA009C4257 /* PBXTargetDependency */,
			);
			name = ExampleApp;
			packageProductDependencies = (
			);
			productName = ExampleApp;
			productReference = E0BC13AC28FE0FDF002BAF2D /* ExampleApp.app */;
			productType = "com.apple.product-type.application";
		};
		E0BC13BC28FE0FE2002BAF2D /* ExampleAppTests */ = {
			isa = PBXNativeTarget;
			buildConfigurationList = E0BC13D428FE0FE2002BAF2D /* Build configuration list for PBXNativeTarget "ExampleAppTests" */;
			buildPhases = (
				E0BC13B928FE0FE2002BAF2D /* Sources */,
				E0BC13BA28FE0FE2002BAF2D /* Frameworks */,
				E0BC13BB28FE0FE2002BAF2D /* Resources */,
			);
			buildRules = (
			);
			dependencies = (
				E0BC13BF28FE0FE2002BAF2D /* PBXTargetDependency */,
			);
			name = ExampleAppTests;
			productName = ExampleAppTests;
			productReference = E0BC13BD28FE0FE2002BAF2D /* ExampleAppTests.xctest */;
			productType = "com.apple.product-type.bundle.unit-test";
		};
		E0BC13C628FE0FE2002BAF2D /* ExampleAppUITests */ = {
			isa = PBXNativeTarget;
			buildConfigurationList = E0BC13D728FE0FE2002BAF2D /* Build configuration list for PBXNativeTarget "ExampleAppUITests" */;
			buildPhases = (
				E0BC13C328FE0FE2002BAF2D /* Sources */,
				E0BC13C428FE0FE2002BAF2D /* Frameworks */,
				E0BC13C528FE0FE2002BAF2D /* Resources */,
			);
			buildRules = (
			);
			dependencies = (
				E0BC13C928FE0FE2002BAF2D /* PBXTargetDependency */,
			);
			name = ExampleAppUITests;
			productName = ExampleAppUITests;
			productReference = E0BC13C728FE0FE2002BAF2D /* ExampleAppUITests.xctest */;
			productType = "com.apple.product-type.bundle.ui-testing";
		};
/* End PBXNativeTarget section */

/* Begin PBXProject section */
		E0BC13A428FE0FDF002BAF2D /* Project object */ = {
			isa = PBXProject;
			attributes = {
				BuildIndependentTargetsInParallel = 1;
				LastSwiftUpdateCheck = 1400;
				LastUpgradeCheck = 1400;
				TargetAttributes = {
					E0BC13AB28FE0FDF002BAF2D = {
						CreatedOnToolsVersion = 14.0.1;
					};
					E0BC13BC28FE0FE2002BAF2D = {
						CreatedOnToolsVersion = 14.0.1;
						TestTargetID = E0BC13AB28FE0FDF002BAF2D;
					};
					E0BC13C628FE0FE2002BAF2D = {
						CreatedOnToolsVersion = 14.0.1;
						TestTargetID = E0BC13AB28FE0FDF002BAF2D;
					};
				};
			};
			buildConfigurationList = E0BC13A728FE0FDF002BAF2D /* Build configuration list for PBXProject "ExampleApp" */;
			compatibilityVersion = "Xcode 14.0";
			developmentRegion = en;
			hasScannedForEncodings = 0;
			knownRegions = (
				en,
				Base,
				es,
			);
			mainGroup = E0BC13A328FE0FDF002BAF2D;
			packageReferences = (
				E036E5CD2B2C0BC7009C4257 /* XCRemoteSwiftPackageReference "LicensePlist" */,
				E0F09F482B2CBD4300C8BCDF /* XCRemoteSwiftPackageReference "SwiftLint" */,
			);
			productRefGroup = E0BC13AD28FE0FDF002BAF2D /* Products */;
			projectDirPath = "";
			projectRoot = "";
			targets = (
				E0BC13AB28FE0FDF002BAF2D /* ExampleApp */,
				E0BC13BC28FE0FE2002BAF2D /* ExampleAppTests */,
				E0BC13C628FE0FE2002BAF2D /* ExampleAppUITests */,
			);
		};
/* End PBXProject section */

/* Begin PBXResourcesBuildPhase section */
		E0BC13AA28FE0FDF002BAF2D /* Resources */ = {
			isa = PBXResourcesBuildPhase;
			buildActionMask = 2147483647;
			files = (
				E0BC13B828FE0FE2002BAF2D /* Preview Assets.xcassets in Resources */,
				E08357F228FEF2FC00554E60 /* Localizable.strings in Resources */,
				E09894C928FE3A0D0002103F /* Settings.bundle in Resources */,
				E0BC13B428FE0FE2002BAF2D /* Assets.xcassets in Resources */,
			);
			runOnlyForDeploymentPostprocessing = 0;
		};
		E0BC13BB28FE0FE2002BAF2D /* Resources */ = {
			isa = PBXResourcesBuildPhase;
			buildActionMask = 2147483647;
			files = (
			);
			runOnlyForDeploymentPostprocessing = 0;
		};
		E0BC13C528FE0FE2002BAF2D /* Resources */ = {
			isa = PBXResourcesBuildPhase;
			buildActionMask = 2147483647;
			files = (
			);
			runOnlyForDeploymentPostprocessing = 0;
		};
/* End PBXResourcesBuildPhase section */

/* Begin PBXShellScriptBuildPhase section */
		E036E5D02B2C118C009C4257 /* ShellScript */ = {
			isa = PBXShellScriptBuildPhase;
			buildActionMask = 2147483647;
			files = (
			);
			inputFileListPaths = (
			);
			inputPaths = (
			);
			outputFileListPaths = (
			);
			outputPaths = (
			);
			runOnlyForDeploymentPostprocessing = 0;
			shellPath = /bin/sh;
			shellScript = "echo \"Will copy acknowledgements\"\nACKNOWLEDGEMENTS_DIR=${BUILT_PRODUCTS_DIR}/${CONTENTS_FOLDER_PATH}/com.mono0926.LicensePlist.Output\nDESTINATION_PATH=${SOURCE_ROOT}/ExampleApp/Settings.bundle/\n# copy withouut error\ncp \"${ACKNOWLEDGEMENTS_DIR}\"/Licenses/* \"${DESTINATION_PATH}\"/Licenses 2>/dev/null || :\ncp \"${ACKNOWLEDGEMENTS_DIR}\"/Licenses.* \"${DESTINATION_PATH}\" 2>/dev/null || :\nrm -rf \"${ACKNOWLEDGEMENTS_DIR}\" 2>/dev/null || :\n";
		};
/* End PBXShellScriptBuildPhase section */

/* Begin PBXSourcesBuildPhase section */
		E0BC13A828FE0FDF002BAF2D /* Sources */ = {
			isa = PBXSourcesBuildPhase;
			buildActionMask = 2147483647;
			files = (
				E0BC13B228FE0FDF002BAF2D /* ContentView.swift in Sources */,
				E0BC13B028FE0FDF002BAF2D /* ExampleApp.swift in Sources */,
				E03496F42C5046B100071C0C /* UnhingedEditView.swift in Sources */,
				E03496F52C5046B100071C0C /* RotatingDotsView.swift in Sources */,
				E03496F62C5046B100071C0C /* StarAnimationView.swift in Sources */,
				E0CA1CF02B5711030083CC65 /* Sqrt2Over2View.swift in Sources */,
				E0CA1CF22B5713B40083CC65 /* RoundedRectangleView.swift in Sources */,
			);
			runOnlyForDeploymentPostprocessing = 0;
		};
		E0BC13B928FE0FE2002BAF2D /* Sources */ = {
			isa = PBXSourcesBuildPhase;
			buildActionMask = 2147483647;
			files = (
				E0BC13C228FE0FE2002BAF2D /* ExampleAppTests.swift in Sources */,
			);
			runOnlyForDeploymentPostprocessing = 0;
		};
		E0BC13C328FE0FE2002BAF2D /* Sources */ = {
			isa = PBXSourcesBuildPhase;
			buildActionMask = 2147483647;
			files = (
				E0BC13CC28FE0FE2002BAF2D /* ExampleAppUITests.swift in Sources */,
				E0BC13CE28FE0FE2002BAF2D /* ExampleAppUITestsLaunchTests.swift in Sources */,
			);
			runOnlyForDeploymentPostprocessing = 0;
		};
/* End PBXSourcesBuildPhase section */

/* Begin PBXTargetDependency section */
		E036E5CF2B2C0BDA009C4257 /* PBXTargetDependency */ = {
			isa = PBXTargetDependency;
			productRef = E036E5CE2B2C0BDA009C4257 /* LicensePlistBuildTool */;
		};
		E0BC13BF28FE0FE2002BAF2D /* PBXTargetDependency */ = {
			isa = PBXTargetDependency;
			target = E0BC13AB28FE0FDF002BAF2D /* ExampleApp */;
			targetProxy = E0BC13BE28FE0FE2002BAF2D /* PBXContainerItemProxy */;
		};
		E0BC13C928FE0FE2002BAF2D /* PBXTargetDependency */ = {
			isa = PBXTargetDependency;
			target = E0BC13AB28FE0FDF002BAF2D /* ExampleApp */;
			targetProxy = E0BC13C828FE0FE2002BAF2D /* PBXContainerItemProxy */;
		};
		E0F09F4A2B2CBD4F00C8BCDF /* PBXTargetDependency */ = {
			isa = PBXTargetDependency;
			productRef = E0F09F492B2CBD4F00C8BCDF /* SwiftLintPlugin */;
		};
/* End PBXTargetDependency section */

/* Begin PBXVariantGroup section */
		E08357F428FEF2FC00554E60 /* Localizable.strings */ = {
			isa = PBXVariantGroup;
			children = (
				E08357F328FEF2FC00554E60 /* en */,
				E08357F528FEF34600554E60 /* es */,
			);
			name = Localizable.strings;
			sourceTree = "<group>";
		};
/* End PBXVariantGroup section */

/* Begin XCBuildConfiguration section */
		E0BC13CF28FE0FE2002BAF2D /* Debug */ = {
			isa = XCBuildConfiguration;
			buildSettings = {
				ALWAYS_SEARCH_USER_PATHS = NO;
				CLANG_ANALYZER_LOCALIZABILITY_NONLOCALIZED = YES;
				CLANG_ANALYZER_NONNULL = YES;
				CLANG_ANALYZER_NUMBER_OBJECT_CONVERSION = YES_AGGRESSIVE;
				CLANG_CXX_LANGUAGE_STANDARD = "gnu++20";
				CLANG_ENABLE_MODULES = YES;
				CLANG_ENABLE_OBJC_ARC = YES;
				CLANG_ENABLE_OBJC_WEAK = YES;
				CLANG_WARN_BLOCK_CAPTURE_AUTORELEASING = YES;
				CLANG_WARN_BOOL_CONVERSION = YES;
				CLANG_WARN_COMMA = YES;
				CLANG_WARN_CONSTANT_CONVERSION = YES;
				CLANG_WARN_DEPRECATED_OBJC_IMPLEMENTATIONS = YES;
				CLANG_WARN_DIRECT_OBJC_ISA_USAGE = YES_ERROR;
				CLANG_WARN_DOCUMENTATION_COMMENTS = YES;
				CLANG_WARN_EMPTY_BODY = YES;
				CLANG_WARN_ENUM_CONVERSION = YES;
				CLANG_WARN_INFINITE_RECURSION = YES;
				CLANG_WARN_INT_CONVERSION = YES;
				CLANG_WARN_NON_LITERAL_NULL_CONVERSION = YES;
				CLANG_WARN_OBJC_IMPLICIT_RETAIN_SELF = YES;
				CLANG_WARN_OBJC_LITERAL_CONVERSION = YES;
				CLANG_WARN_OBJC_ROOT_CLASS = YES_ERROR;
				CLANG_WARN_QUOTED_INCLUDE_IN_FRAMEWORK_HEADER = YES;
				CLANG_WARN_RANGE_LOOP_ANALYSIS = YES;
				CLANG_WARN_STRICT_PROTOTYPES = YES;
				CLANG_WARN_SUSPICIOUS_MOVE = YES;
				CLANG_WARN_UNGUARDED_AVAILABILITY = YES_AGGRESSIVE;
				CLANG_WARN_UNREACHABLE_CODE = YES;
				CLANG_WARN__DUPLICATE_METHOD_MATCH = YES;
				COPY_PHASE_STRIP = NO;
				DEBUG_INFORMATION_FORMAT = dwarf;
				ENABLE_STRICT_OBJC_MSGSEND = YES;
				ENABLE_TESTABILITY = YES;
				GCC_C_LANGUAGE_STANDARD = gnu11;
				GCC_DYNAMIC_NO_PIC = NO;
				GCC_NO_COMMON_BLOCKS = YES;
				GCC_OPTIMIZATION_LEVEL = 0;
				GCC_PREPROCESSOR_DEFINITIONS = (
					"DEBUG=1",
					"$(inherited)",
				);
				GCC_WARN_64_TO_32_BIT_CONVERSION = YES;
				GCC_WARN_ABOUT_RETURN_TYPE = YES_ERROR;
				GCC_WARN_UNDECLARED_SELECTOR = YES;
				GCC_WARN_UNINITIALIZED_AUTOS = YES_AGGRESSIVE;
				GCC_WARN_UNUSED_FUNCTION = YES;
				GCC_WARN_UNUSED_VARIABLE = YES;
				MTL_ENABLE_DEBUG_INFO = INCLUDE_SOURCE;
				MTL_FAST_MATH = YES;
				ONLY_ACTIVE_ARCH = YES;
				SWIFT_ACTIVE_COMPILATION_CONDITIONS = DEBUG;
				SWIFT_OPTIMIZATION_LEVEL = "-Onone";
			};
			name = Debug;
		};
		E0BC13D028FE0FE2002BAF2D /* Release */ = {
			isa = XCBuildConfiguration;
			buildSettings = {
				ALWAYS_SEARCH_USER_PATHS = NO;
				CLANG_ANALYZER_LOCALIZABILITY_NONLOCALIZED = YES;
				CLANG_ANALYZER_NONNULL = YES;
				CLANG_ANALYZER_NUMBER_OBJECT_CONVERSION = YES_AGGRESSIVE;
				CLANG_CXX_LANGUAGE_STANDARD = "gnu++20";
				CLANG_ENABLE_MODULES = YES;
				CLANG_ENABLE_OBJC_ARC = YES;
				CLANG_ENABLE_OBJC_WEAK = YES;
				CLANG_WARN_BLOCK_CAPTURE_AUTORELEASING = YES;
				CLANG_WARN_BOOL_CONVERSION = YES;
				CLANG_WARN_COMMA = YES;
				CLANG_WARN_CONSTANT_CONVERSION = YES;
				CLANG_WARN_DEPRECATED_OBJC_IMPLEMENTATIONS = YES;
				CLANG_WARN_DIRECT_OBJC_ISA_USAGE = YES_ERROR;
				CLANG_WARN_DOCUMENTATION_COMMENTS = YES;
				CLANG_WARN_EMPTY_BODY = YES;
				CLANG_WARN_ENUM_CONVERSION = YES;
				CLANG_WARN_INFINITE_RECURSION = YES;
				CLANG_WARN_INT_CONVERSION = YES;
				CLANG_WARN_NON_LITERAL_NULL_CONVERSION = YES;
				CLANG_WARN_OBJC_IMPLICIT_RETAIN_SELF = YES;
				CLANG_WARN_OBJC_LITERAL_CONVERSION = YES;
				CLANG_WARN_OBJC_ROOT_CLASS = YES_ERROR;
				CLANG_WARN_QUOTED_INCLUDE_IN_FRAMEWORK_HEADER = YES;
				CLANG_WARN_RANGE_LOOP_ANALYSIS = YES;
				CLANG_WARN_STRICT_PROTOTYPES = YES;
				CLANG_WARN_SUSPICIOUS_MOVE = YES;
				CLANG_WARN_UNGUARDED_AVAILABILITY = YES_AGGRESSIVE;
				CLANG_WARN_UNREACHABLE_CODE = YES;
				CLANG_WARN__DUPLICATE_METHOD_MATCH = YES;
				COPY_PHASE_STRIP = NO;
				DEBUG_INFORMATION_FORMAT = "dwarf-with-dsym";
				ENABLE_NS_ASSERTIONS = NO;
				ENABLE_STRICT_OBJC_MSGSEND = YES;
				GCC_C_LANGUAGE_STANDARD = gnu11;
				GCC_NO_COMMON_BLOCKS = YES;
				GCC_WARN_64_TO_32_BIT_CONVERSION = YES;
				GCC_WARN_ABOUT_RETURN_TYPE = YES_ERROR;
				GCC_WARN_UNDECLARED_SELECTOR = YES;
				GCC_WARN_UNINITIALIZED_AUTOS = YES_AGGRESSIVE;
				GCC_WARN_UNUSED_FUNCTION = YES;
				GCC_WARN_UNUSED_VARIABLE = YES;
				MTL_ENABLE_DEBUG_INFO = NO;
				MTL_FAST_MATH = YES;
				SWIFT_COMPILATION_MODE = wholemodule;
				SWIFT_OPTIMIZATION_LEVEL = "-O";
			};
			name = Release;
		};
		E0BC13D228FE0FE2002BAF2D /* Debug */ = {
			isa = XCBuildConfiguration;
			buildSettings = {
				ASSETCATALOG_COMPILER_APPICON_NAME = AppIcon;
				ASSETCATALOG_COMPILER_GLOBAL_ACCENT_COLOR_NAME = AccentColor;
				CODE_SIGN_ENTITLEMENTS = ExampleApp/ExampleApp.entitlements;
				CODE_SIGN_STYLE = Automatic;
				CURRENT_PROJECT_VERSION = 1;
				DEVELOPMENT_ASSET_PATHS = "\"ExampleApp/Preview Content\"";
				DEVELOPMENT_TEAM = XRMPYW8QVN;
				ENABLE_HARDENED_RUNTIME = YES;
				ENABLE_PREVIEWS = YES;
				GENERATE_INFOPLIST_FILE = YES;
				"INFOPLIST_KEY_UIApplicationSceneManifest_Generation[sdk=iphoneos*]" = YES;
				"INFOPLIST_KEY_UIApplicationSceneManifest_Generation[sdk=iphonesimulator*]" = YES;
				"INFOPLIST_KEY_UIApplicationSupportsIndirectInputEvents[sdk=iphoneos*]" = YES;
				"INFOPLIST_KEY_UIApplicationSupportsIndirectInputEvents[sdk=iphonesimulator*]" = YES;
				"INFOPLIST_KEY_UILaunchScreen_Generation[sdk=iphoneos*]" = YES;
				"INFOPLIST_KEY_UILaunchScreen_Generation[sdk=iphonesimulator*]" = YES;
				"INFOPLIST_KEY_UIStatusBarStyle[sdk=iphoneos*]" = UIStatusBarStyleDefault;
				"INFOPLIST_KEY_UIStatusBarStyle[sdk=iphonesimulator*]" = UIStatusBarStyleDefault;
				INFOPLIST_KEY_UISupportedInterfaceOrientations_iPad = "UIInterfaceOrientationPortrait UIInterfaceOrientationPortraitUpsideDown UIInterfaceOrientationLandscapeLeft UIInterfaceOrientationLandscapeRight";
				INFOPLIST_KEY_UISupportedInterfaceOrientations_iPhone = "UIInterfaceOrientationPortrait UIInterfaceOrientationLandscapeLeft UIInterfaceOrientationLandscapeRight";
				IPHONEOS_DEPLOYMENT_TARGET = 16.0;
				LD_RUNPATH_SEARCH_PATHS = "@executable_path/Frameworks";
				"LD_RUNPATH_SEARCH_PATHS[sdk=macosx*]" = "@executable_path/../Frameworks";
				MACOSX_DEPLOYMENT_TARGET = 13.5;
				MARKETING_VERSION = 1.0;
				PRODUCT_BUNDLE_IDENTIFIER = "-.ExampleApp";
				PRODUCT_NAME = "$(TARGET_NAME)";
				SDKROOT = auto;
				SUPPORTED_PLATFORMS = "iphoneos iphonesimulator macosx";
				SWIFT_EMIT_LOC_STRINGS = YES;
				SWIFT_VERSION = 5.0;
				TARGETED_DEVICE_FAMILY = "1,2";
			};
			name = Debug;
		};
		E0BC13D328FE0FE2002BAF2D /* Release */ = {
			isa = XCBuildConfiguration;
			buildSettings = {
				ASSETCATALOG_COMPILER_APPICON_NAME = AppIcon;
				ASSETCATALOG_COMPILER_GLOBAL_ACCENT_COLOR_NAME = AccentColor;
				CODE_SIGN_ENTITLEMENTS = ExampleApp/ExampleApp.entitlements;
				CODE_SIGN_STYLE = Automatic;
				CURRENT_PROJECT_VERSION = 1;
				DEVELOPMENT_ASSET_PATHS = "\"ExampleApp/Preview Content\"";
				DEVELOPMENT_TEAM = XRMPYW8QVN;
				ENABLE_HARDENED_RUNTIME = YES;
				ENABLE_PREVIEWS = YES;
				GENERATE_INFOPLIST_FILE = YES;
				"INFOPLIST_KEY_UIApplicationSceneManifest_Generation[sdk=iphoneos*]" = YES;
				"INFOPLIST_KEY_UIApplicationSceneManifest_Generation[sdk=iphonesimulator*]" = YES;
				"INFOPLIST_KEY_UIApplicationSupportsIndirectInputEvents[sdk=iphoneos*]" = YES;
				"INFOPLIST_KEY_UIApplicationSupportsIndirectInputEvents[sdk=iphonesimulator*]" = YES;
				"INFOPLIST_KEY_UILaunchScreen_Generation[sdk=iphoneos*]" = YES;
				"INFOPLIST_KEY_UILaunchScreen_Generation[sdk=iphonesimulator*]" = YES;
				"INFOPLIST_KEY_UIStatusBarStyle[sdk=iphoneos*]" = UIStatusBarStyleDefault;
				"INFOPLIST_KEY_UIStatusBarStyle[sdk=iphonesimulator*]" = UIStatusBarStyleDefault;
				INFOPLIST_KEY_UISupportedInterfaceOrientations_iPad = "UIInterfaceOrientationPortrait UIInterfaceOrientationPortraitUpsideDown UIInterfaceOrientationLandscapeLeft UIInterfaceOrientationLandscapeRight";
				INFOPLIST_KEY_UISupportedInterfaceOrientations_iPhone = "UIInterfaceOrientationPortrait UIInterfaceOrientationLandscapeLeft UIInterfaceOrientationLandscapeRight";
				IPHONEOS_DEPLOYMENT_TARGET = 16.0;
				LD_RUNPATH_SEARCH_PATHS = "@executable_path/Frameworks";
				"LD_RUNPATH_SEARCH_PATHS[sdk=macosx*]" = "@executable_path/../Frameworks";
				MACOSX_DEPLOYMENT_TARGET = 13.5;
				MARKETING_VERSION = 1.0;
				PRODUCT_BUNDLE_IDENTIFIER = "-.ExampleApp";
				PRODUCT_NAME = "$(TARGET_NAME)";
				SDKROOT = auto;
				SUPPORTED_PLATFORMS = "iphoneos iphonesimulator macosx";
				SWIFT_EMIT_LOC_STRINGS = YES;
				SWIFT_VERSION = 5.0;
				TARGETED_DEVICE_FAMILY = "1,2";
			};
			name = Release;
		};
		E0BC13D528FE0FE2002BAF2D /* Debug */ = {
			isa = XCBuildConfiguration;
			buildSettings = {
				ALWAYS_EMBED_SWIFT_STANDARD_LIBRARIES = YES;
				BUNDLE_LOADER = "$(TEST_HOST)";
				CODE_SIGN_STYLE = Automatic;
				CURRENT_PROJECT_VERSION = 1;
				DEVELOPMENT_TEAM = 87XQ93JZ88;
				GENERATE_INFOPLIST_FILE = YES;
				IPHONEOS_DEPLOYMENT_TARGET = 16.0;
				MACOSX_DEPLOYMENT_TARGET = 12.3;
				MARKETING_VERSION = 1.0;
				PRODUCT_BUNDLE_IDENTIFIER = "-.ExampleAppTests";
				PRODUCT_NAME = "$(TARGET_NAME)";
				SDKROOT = auto;
				SUPPORTED_PLATFORMS = "iphoneos iphonesimulator macosx";
				SWIFT_EMIT_LOC_STRINGS = NO;
				SWIFT_VERSION = 5.0;
				TARGETED_DEVICE_FAMILY = "1,2";
				TEST_HOST = "$(BUILT_PRODUCTS_DIR)/ExampleApp.app/$(BUNDLE_EXECUTABLE_FOLDER_PATH)/ExampleApp";
			};
			name = Debug;
		};
		E0BC13D628FE0FE2002BAF2D /* Release */ = {
			isa = XCBuildConfiguration;
			buildSettings = {
				ALWAYS_EMBED_SWIFT_STANDARD_LIBRARIES = YES;
				BUNDLE_LOADER = "$(TEST_HOST)";
				CODE_SIGN_STYLE = Automatic;
				CURRENT_PROJECT_VERSION = 1;
				DEVELOPMENT_TEAM = 87XQ93JZ88;
				GENERATE_INFOPLIST_FILE = YES;
				IPHONEOS_DEPLOYMENT_TARGET = 16.0;
				MACOSX_DEPLOYMENT_TARGET = 12.3;
				MARKETING_VERSION = 1.0;
				PRODUCT_BUNDLE_IDENTIFIER = "-.ExampleAppTests";
				PRODUCT_NAME = "$(TARGET_NAME)";
				SDKROOT = auto;
				SUPPORTED_PLATFORMS = "iphoneos iphonesimulator macosx";
				SWIFT_EMIT_LOC_STRINGS = NO;
				SWIFT_VERSION = 5.0;
				TARGETED_DEVICE_FAMILY = "1,2";
				TEST_HOST = "$(BUILT_PRODUCTS_DIR)/ExampleApp.app/$(BUNDLE_EXECUTABLE_FOLDER_PATH)/ExampleApp";
			};
			name = Release;
		};
		E0BC13D828FE0FE2002BAF2D /* Debug */ = {
			isa = XCBuildConfiguration;
			buildSettings = {
				ALWAYS_EMBED_SWIFT_STANDARD_LIBRARIES = YES;
				CODE_SIGN_STYLE = Automatic;
				CURRENT_PROJECT_VERSION = 1;
				DEVELOPMENT_TEAM = 87XQ93JZ88;
				GENERATE_INFOPLIST_FILE = YES;
				IPHONEOS_DEPLOYMENT_TARGET = 16.0;
				MACOSX_DEPLOYMENT_TARGET = 12.3;
				MARKETING_VERSION = 1.0;
				PRODUCT_BUNDLE_IDENTIFIER = "-.ExampleAppUITests";
				PRODUCT_NAME = "$(TARGET_NAME)";
				SDKROOT = auto;
				SUPPORTED_PLATFORMS = "iphoneos iphonesimulator macosx";
				SWIFT_EMIT_LOC_STRINGS = NO;
				SWIFT_VERSION = 5.0;
				TARGETED_DEVICE_FAMILY = "1,2";
				TEST_TARGET_NAME = ExampleApp;
			};
			name = Debug;
		};
		E0BC13D928FE0FE2002BAF2D /* Release */ = {
			isa = XCBuildConfiguration;
			buildSettings = {
				ALWAYS_EMBED_SWIFT_STANDARD_LIBRARIES = YES;
				CODE_SIGN_STYLE = Automatic;
				CURRENT_PROJECT_VERSION = 1;
				DEVELOPMENT_TEAM = 87XQ93JZ88;
				GENERATE_INFOPLIST_FILE = YES;
				IPHONEOS_DEPLOYMENT_TARGET = 16.0;
				MACOSX_DEPLOYMENT_TARGET = 12.3;
				MARKETING_VERSION = 1.0;
				PRODUCT_BUNDLE_IDENTIFIER = "-.ExampleAppUITests";
				PRODUCT_NAME = "$(TARGET_NAME)";
				SDKROOT = auto;
				SUPPORTED_PLATFORMS = "iphoneos iphonesimulator macosx";
				SWIFT_EMIT_LOC_STRINGS = NO;
				SWIFT_VERSION = 5.0;
				TARGETED_DEVICE_FAMILY = "1,2";
				TEST_TARGET_NAME = ExampleApp;
			};
			name = Release;
		};
/* End XCBuildConfiguration section */

/* Begin XCConfigurationList section */
		E0BC13A728FE0FDF002BAF2D /* Build configuration list for PBXProject "ExampleApp" */ = {
			isa = XCConfigurationList;
			buildConfigurations = (
				E0BC13CF28FE0FE2002BAF2D /* Debug */,
				E0BC13D028FE0FE2002BAF2D /* Release */,
			);
			defaultConfigurationIsVisible = 0;
			defaultConfigurationName = Release;
		};
		E0BC13D128FE0FE2002BAF2D /* Build configuration list for PBXNativeTarget "ExampleApp" */ = {
			isa = XCConfigurationList;
			buildConfigurations = (
				E0BC13D228FE0FE2002BAF2D /* Debug */,
				E0BC13D328FE0FE2002BAF2D /* Release */,
			);
			defaultConfigurationIsVisible = 0;
			defaultConfigurationName = Release;
		};
		E0BC13D428FE0FE2002BAF2D /* Build configuration list for PBXNativeTarget "ExampleAppTests" */ = {
			isa = XCConfigurationList;
			buildConfigurations = (
				E0BC13D528FE0FE2002BAF2D /* Debug */,
				E0BC13D628FE0FE2002BAF2D /* Release */,
			);
			defaultConfigurationIsVisible = 0;
			defaultConfigurationName = Release;
		};
		E0BC13D728FE0FE2002BAF2D /* Build configuration list for PBXNativeTarget "ExampleAppUITests" */ = {
			isa = XCConfigurationList;
			buildConfigurations = (
				E0BC13D828FE0FE2002BAF2D /* Debug */,
				E0BC13D928FE0FE2002BAF2D /* Release */,
			);
			defaultConfigurationIsVisible = 0;
			defaultConfigurationName = Release;
		};
/* End XCConfigurationList section */

/* Begin XCRemoteSwiftPackageReference section */
		E036E5CD2B2C0BC7009C4257 /* XCRemoteSwiftPackageReference "LicensePlist" */ = {
			isa = XCRemoteSwiftPackageReference;
			repositoryURL = "https://github.com/alandeguz/LicensePlist";
			requirement = {
				kind = exactVersion;
				version = 3.25.1;
			};
		};
		E0F09F482B2CBD4300C8BCDF /* XCRemoteSwiftPackageReference "SwiftLint" */ = {
			isa = XCRemoteSwiftPackageReference;
			repositoryURL = "https://github.com/alandeguz/SwiftLint.git";
			requirement = {
				kind = exactVersion;
				version = 0.54.0;
			};
		};
/* End XCRemoteSwiftPackageReference section */

/* Begin XCSwiftPackageProductDependency section */
		E036E5CE2B2C0BDA009C4257 /* LicensePlistBuildTool */ = {
			isa = XCSwiftPackageProductDependency;
			package = E036E5CD2B2C0BC7009C4257 /* XCRemoteSwiftPackageReference "LicensePlist" */;
			productName = "plugin:LicensePlistBuildTool";
		};
		E0F09F492B2CBD4F00C8BCDF /* SwiftLintPlugin */ = {
			isa = XCSwiftPackageProductDependency;
			package = E0F09F482B2CBD4300C8BCDF /* XCRemoteSwiftPackageReference "SwiftLint" */;
			productName = "plugin:SwiftLintPlugin";
		};
/* End XCSwiftPackageProductDependency section */
	};
	rootObject = E0BC13A428FE0FDF002BAF2D /* Project object */;
}
